Microsoft Visual Studio Solution File, Format Version 11.00
# Visual Studio 2008

Project("{9A86E07E-1F1B-6852-5065-FE9141927B6A}") = "platformer", "Assembly-CSharp-firstpass.csproj", "{81B4CB8E-DE72-817D-016D-0395A207D63B}"
EndProject
Project("{9A86E07E-1F1B-6852-5065-FE9141927B6A}") = "platformer", "Assembly-UnityScript-firstpass.unityproj", "{9E695E6A-4568-5C63-5635-7EA79E94E0A2}"
EndProject
Project("{9A86E07E-1F1B-6852-5065-FE9141927B6A}") = "platformer", "Assembly-UnityScript.unityproj", "{9C7C0459-0D8D-F4EF-224D-34FCCBE03632}"
EndProject
Global
	GlobalSection(SolutionConfigurationPlatforms) = preSolution
		Debug|Any CPU = Debug|Any CPU
		Release|Any CPU = Release|Any CPU
	EndGlobalSection
	GlobalSection(ProjectConfigurationPlatforms) = postSolution
		{81B4CB8E-DE72-817D-016D-0395A207D63B}.Debug|Any CPU.ActiveCfg = Debug|Any CPU
		{81B4CB8E-DE72-817D-016D-0395A207D63B}.Debug|Any CPU.Build.0 = Debug|Any CPU
		{81B4CB8E-DE72-817D-016D-0395A207D63B}.Release|Any CPU.ActiveCfg = Release|Any CPU
		{81B4CB8E-DE72-817D-016D-0395A207D63B}.Release|Any CPU.Build.0 = Release|Any CPU
		{9E695E6A-4568-5C63-5635-7EA79E94E0A2}.Debug|Any CPU.ActiveCfg = Debug|Any CPU
		{9E695E6A-4568-5C63-5635-7EA79E94E0A2}.Debug|Any CPU.Build.0 = Debug|Any CPU
		{9E695E6A-4568-5C63-5635-7EA79E94E0A2}.Release|Any CPU.ActiveCfg = Release|Any CPU
		{9E695E6A-4568-5C63-5635-7EA79E94E0A2}.Release|Any CPU.Build.0 = Release|Any CPU
		{9C7C0459-0D8D-F4EF-224D-34FCCBE03632}.Debug|Any CPU.ActiveCfg = Debug|Any CPU
		{9C7C0459-0D8D-F4EF-224D-34FCCBE03632}.Debug|Any CPU.Build.0 = Debug|Any CPU
		{9C7C0459-0D8D-F4EF-224D-34FCCBE03632}.Release|Any CPU.ActiveCfg = Release|Any CPU
		{9C7C0459-0D8D-F4EF-224D-34FCCBE03632}.Release|Any CPU.Build.0 = Release|Any CPU
	EndGlobalSection
	GlobalSection(SolutionProperties) = preSolution
		HideSolutionNode = FALSE
	EndGlobalSection
											GlobalSection(MonoDevelopProperties) = preSolution
		StartupItem = Assembly-CSharp.csproj
		Policies = $0
		$0.TextStylePolicy = $1
		$1.inheritsSet = null
		$1.scope = text/x-csharp
		$0.CSharpFormattingPolicy = $2
		$2.inheritsSet = Mono
		$2.inheritsScope = text/x-csharp
		$2.scope = text/x-csharp
		$0.TextStylePolicy = $3
		$3.FileWidth = 120
		$3.TabWidth = 4
		$3.EolMarker = Unix
		$3.inheritsSet = Mono
		$3.inheritsScope = text/plain
		$3.scope = text/plain
	EndGlobalSection

EndGlobal
